# This file is automatically @generated by Poetry 1.8.3 and should not be changed by hand.

[[package]]
name = "pysam"
version = "0.22.1"
description = "Package for reading, manipulating, and writing genomic data"
optional = false
python-versions = ">=3.6"
files = [
    {file = "pysam-0.22.1-cp310-cp310-macosx_10_9_x86_64.whl", hash = "sha256:f18e72013ef2db9a9bb7e8ac421934d054427f6c03e66ce8abc39b09c846ba72"},
    {file = "pysam-0.22.1-cp310-cp310-macosx_11_0_arm64.whl", hash = "sha256:79cd94eeb96541385fa99e759a8f83d21428e092c8b577d50b4eee5823e757cd"},
    {file = "pysam-0.22.1-cp310-cp310-manylinux_2_28_aarch64.whl", hash = "sha256:c71ea45461ee596949061f321a799a97c418164485fdd7e8db89aea2ff979092"},
    {file = "pysam-0.22.1-cp310-cp310-manylinux_2_28_x86_64.whl", hash = "sha256:ab3343f221994d163e1ba2691430ce0f6e7da13762473e0d7f9a2d5db3bec235"},
    {file = "pysam-0.22.1-cp311-cp311-macosx_10_9_x86_64.whl", hash = "sha256:503c833e6cf348d87aec9113b1386d5c85c031d64deb914c29f5ad1792d103e6"},
    {file = "pysam-0.22.1-cp311-cp311-macosx_11_0_arm64.whl", hash = "sha256:4447fdc2630519a00b6bf598995f1440e6f398eb0c084a7c141db026990ae07a"},
    {file = "pysam-0.22.1-cp311-cp311-manylinux_2_28_aarch64.whl", hash = "sha256:1be663a73cf56ddd1d309b91d314a0c94c9bf352eaa3c6eda30cef12699843f0"},
    {file = "pysam-0.22.1-cp311-cp311-manylinux_2_28_x86_64.whl", hash = "sha256:aeb31472365014fd8b37da4a88af758094b5872a8a16a25635a52cf8ceff5a9f"},
    {file = "pysam-0.22.1-cp312-cp312-macosx_10_9_x86_64.whl", hash = "sha256:e72e129d245574801125029a5892c9e18d2956b13c4203ea585cbd64ccde9351"},
    {file = "pysam-0.22.1-cp312-cp312-macosx_11_0_arm64.whl", hash = "sha256:f8f00bb1fb977fc33c87cf5fe9023eefc2ba3d43d30ab4875a1765827018c949"},
    {file = "pysam-0.22.1-cp312-cp312-manylinux_2_28_aarch64.whl", hash = "sha256:c0e051fda433c1c7ff94532f60477bb83b97f4bb183567a0ae23f340e1c200b4"},
    {file = "pysam-0.22.1-cp312-cp312-manylinux_2_28_x86_64.whl", hash = "sha256:860c7c78ddb1539b83d5476502ba14c8b4e8435810dc7a5b715196da3dfb86b6"},
    {file = "pysam-0.22.1-cp36-cp36m-macosx_10_9_x86_64.whl", hash = "sha256:18d886d50d75d8f853057fbbb284f0f0e98afad1f76b1a6f55660ea167d31c17"},
    {file = "pysam-0.22.1-cp36-cp36m-manylinux_2_28_aarch64.whl", hash = "sha256:44420290a619c02da48ca0956548eb82a1665ae97b6ee69c094f9da5a6206431"},
    {file = "pysam-0.22.1-cp36-cp36m-manylinux_2_28_x86_64.whl", hash = "sha256:acff506c921af36f364c5a87f3a30b3c105ebeb270d0e821c2ca571eaf60ca20"},
    {file = "pysam-0.22.1-cp37-cp37m-macosx_10_9_x86_64.whl", hash = "sha256:098e0bf12d8b0399613065843310c91ba31a02d014b1f6b4e9d7f2d0d1254ff8"},
    {file = "pysam-0.22.1-cp37-cp37m-manylinux_2_28_aarch64.whl", hash = "sha256:cd9d457063272df16136640515183ea501bf3371f140a134b2f0a42f425a37d9"},
    {file = "pysam-0.22.1-cp37-cp37m-manylinux_2_28_x86_64.whl", hash = "sha256:af9fb53157ba2431b7b20a550c0223f4a039304c9f180d8da98ea9d2d3ef3fbf"},
    {file = "pysam-0.22.1-cp38-cp38-macosx_10_9_x86_64.whl", hash = "sha256:d3fd6fe5aca79933632f38e5b568ce8d4e67e5c4f3bd39bff55fd9646af814d2"},
    {file = "pysam-0.22.1-cp38-cp38-manylinux_2_17_x86_64.manylinux2014_x86_64.whl", hash = "sha256:2b6cf1871c99cfc9c01261ec5f628519c2c889f0ff070e7a26aa5adbf9f69af1"},
    {file = "pysam-0.22.1-cp38-cp38-manylinux_2_28_aarch64.whl", hash = "sha256:b1addca11c5cfceefaebdfcf3d83bc42f4b89fb1e8ae645a4bdab971cbcd2bc0"},
    {file = "pysam-0.22.1-cp38-cp38-manylinux_2_28_x86_64.whl", hash = "sha256:17fac22fc89c86241a71084ca097878c61c97f6ff5fd4535d718681a849852a7"},
    {file = "pysam-0.22.1-cp39-cp39-macosx_10_9_x86_64.whl", hash = "sha256:4aff9b41856d5dba6585ffd60884b8f3778c5d2688f33989662aabe7f4cd0fe0"},
    {file = "pysam-0.22.1-cp39-cp39-macosx_11_0_arm64.whl", hash = "sha256:faa5298291b54f185c7b8f84510224918bddc64bbdcb2e8426ff43e83452310f"},
    {file = "pysam-0.22.1-cp39-cp39-manylinux_2_28_aarch64.whl", hash = "sha256:4dfae1de006d1c6491a59b00052a3f67c53a136165cf4edd7789b5dcb1e6806f"},
    {file = "pysam-0.22.1-cp39-cp39-manylinux_2_28_x86_64.whl", hash = "sha256:78ed746a39c9cebe489b8f0f86cf23c09c942e76c901260fb2794906e4cd0e26"},
    {file = "pysam-0.22.1.tar.gz", hash = "sha256:18a0b97be95bd71e584de698441c46651cdff378db1c9a4fb3f541e560253b22"},
]

[metadata]
lock-version = "2.0"
python-versions = "^3.10"
content-hash = "f4498e6be3d501fd9812f99a1c61c2349203864a454fd168fb714979e25237db"
